
Microsoft Visual Studio Solution File, Format Version 12.00
# Visual Studio Version 16
VisualStudioVersion = 16.0.29911.84
MinimumVisualStudioVersion = 10.0.40219.1
Project("{9A19103F-16F7-4668-BE54-9A1E7A4F7556}") = "MyLeasing.Common", "MyLeasing.Common\MyLeasing.Common.csproj", "{D85F0EC8-A979-4930-9FCB-E03FCACF348A}"
EndProject
Project("{9A19103F-16F7-4668-BE54-9A1E7A4F7556}") = "MyLeasing.Web", "MyLeasing.Web\MyLeasing.Web.csproj", "{FD07F9A4-373C-4D39-9072-D06B2E2493EA}"
EndProject
Project("{FAE04EC0-301F-11D3-BF4B-00C04F79EFBC}") = "MyLeasing.Prism", "MyLeasing.Prism\MyLeasing.Prism\MyLeasing.Prism.csproj", "{233D6BAE-3FA3-4D40-871B-3849EADA0105}"
EndProject
Project("{FAE04EC0-301F-11D3-BF4B-00C04F79EFBC}") = "MyLeasing.Prism.Android", "MyLeasing.Prism\MyLeasing.Prism.Android\MyLeasing.Prism.Android.csproj", "{AE272445-039E-42D3-A934-B915202AADC9}"
EndProject
Project("{FAE04EC0-301F-11D3-BF4B-00C04F79EFBC}") = "MyLeasing.Prism.iOS", "MyLeasing.Prism\MyLeasing.Prism.iOS\MyLeasing.Prism.iOS.csproj", "{88774F9C-A76A-4C43-929A-0F50CEE4FF67}"
EndProject
Global
	GlobalSection(SolutionConfigurationPlatforms) = preSolution
		Ad-Hoc|Any CPU = Ad-Hoc|Any CPU
		Ad-Hoc|ARM = Ad-Hoc|ARM
		Ad-Hoc|iPhone = Ad-Hoc|iPhone
		Ad-Hoc|iPhoneSimulator = Ad-Hoc|iPhoneSimulator
		Ad-Hoc|x64 = Ad-Hoc|x64
		Ad-Hoc|x86 = Ad-Hoc|x86
		AppStore|Any CPU = AppStore|Any CPU
		AppStore|ARM = AppStore|ARM
		AppStore|iPhone = AppStore|iPhone
		AppStore|iPhoneSimulator = AppStore|iPhoneSimulator
		AppStore|x64 = AppStore|x64
		AppStore|x86 = AppStore|x86
		Debug|Any CPU = Debug|Any CPU
		Debug|ARM = Debug|ARM
		Debug|iPhone = Debug|iPhone
		Debug|iPhoneSimulator = Debug|iPhoneSimulator
		Debug|x64 = Debug|x64
		Debug|x86 = Debug|x86
		Release|Any CPU = Release|Any CPU
		Release|ARM = Release|ARM
		Release|iPhone = Release|iPhone
		Release|iPhoneSimulator = Release|iPhoneSimulator
		Release|x64 = Release|x64
		Release|x86 = Release|x86
	EndGlobalSection
	GlobalSection(ProjectConfigurationPlatforms) = postSolution
		{D85F0EC8-A979-4930-9FCB-E03FCACF348A}.Ad-Hoc|Any CPU.ActiveCfg = Release|Any CPU
		{D85F0EC8-A979-4930-9FCB-E03FCACF348A}.Ad-Hoc|Any CPU.Build.0 = Release|Any CPU
		{D85F0EC8-A979-4930-9FCB-E03FCACF348A}.Ad-Hoc|ARM.ActiveCfg = Release|Any CPU
		{D85F0EC8-A979-4930-9FCB-E03FCACF348A}.Ad-Hoc|ARM.Build.0 = Release|Any CPU
		{D85F0EC8-A979-4930-9FCB-E03FCACF348A}.Ad-Hoc|iPhone.ActiveCfg = Release|Any CPU
		{D85F0EC8-A979-4930-9FCB-E03FCACF348A}.Ad-Hoc|iPhone.Build.0 = Release|Any CPU
		{D85F0EC8-A979-4930-9FCB-E03FCACF348A}.Ad-Hoc|iPhoneSimulator.ActiveCfg = Release|Any CPU
		{D85F0EC8-A979-4930-9FCB-E03FCACF348A}.Ad-Hoc|iPhoneSimulator.Build.0 = Release|Any CPU
		{D85F0EC8-A979-4930-9FCB-E03FCACF348A}.Ad-Hoc|x64.ActiveCfg = Release|Any CPU
		{D85F0EC8-A979-4930-9FCB-E03FCACF348A}.Ad-Hoc|x64.Build.0 = Release|Any CPU
		{D85F0EC8-A979-4930-9FCB-E03FCACF348A}.Ad-Hoc|x86.ActiveCfg = Release|Any CPU
		{D85F0EC8-A979-4930-9FCB-E03FCACF348A}.Ad-Hoc|x86.Build.0 = Release|Any CPU
		{D85F0EC8-A979-4930-9FCB-E03FCACF348A}.AppStore|Any CPU.ActiveCfg = Release|Any CPU
		{D85F0EC8-A979-4930-9FCB-E03FCACF348A}.AppStore|Any CPU.Build.0 = Release|Any CPU
		{D85F0EC8-A979-4930-9FCB-E03FCACF348A}.AppStore|ARM.ActiveCfg = Release|Any CPU
		{D85F0EC8-A979-4930-9FCB-E03FCACF348A}.AppStore|ARM.Build.0 = Release|Any CPU
		{D85F0EC8-A979-4930-9FCB-E03FCACF348A}.AppStore|iPhone.ActiveCfg = Release|Any CPU
		{D85F0EC8-A979-4930-9FCB-E03FCACF348A}.AppStore|iPhone.Build.0 = Release|Any CPU
		{D85F0EC8-A979-4930-9FCB-E03FCACF348A}.AppStore|iPhoneSimulator.ActiveCfg = Release|Any CPU
		{D85F0EC8-A979-4930-9FCB-E03FCACF348A}.AppStore|iPhoneSimulator.Build.0 = Release|Any CPU
		{D85F0EC8-A979-4930-9FCB-E03FCACF348A}.AppStore|x64.ActiveCfg = Release|Any CPU
		{D85F0EC8-A979-4930-9FCB-E03FCACF348A}.AppStore|x64.Build.0 = Release|Any CPU
		{D85F0EC8-A979-4930-9FCB-E03FCACF348A}.AppStore|x86.ActiveCfg = Release|Any CPU
		{D85F0EC8-A979-4930-9FCB-E03FCACF348A}.AppStore|x86.Build.0 = Release|Any CPU
		{D85F0EC8-A979-4930-9FCB-E03FCACF348A}.Debug|Any CPU.ActiveCfg = Debug|Any CPU
		{D85F0EC8-A979-4930-9FCB-E03FCACF348A}.Debug|Any CPU.Build.0 = Debug|Any CPU
		{D85F0EC8-A979-4930-9FCB-E03FCACF348A}.Debug|ARM.ActiveCfg = Debug|Any CPU
		{D85F0EC8-A979-4930-9FCB-E03FCACF348A}.Debug|ARM.Build.0 = Debug|Any CPU
		{D85F0EC8-A979-4930-9FCB-E03FCACF348A}.Debug|iPhone.ActiveCfg = Debug|Any CPU
		{D85F0EC8-A979-4930-9FCB-E03FCACF348A}.Debug|iPhone.Build.0 = Debug|Any CPU
		{D85F0EC8-A979-4930-9FCB-E03FCACF348A}.Debug|iPhoneSimulator.ActiveCfg = Debug|Any CPU
		{D85F0EC8-A979-4930-9FCB-E03FCACF348A}.Debug|iPhoneSimulator.Build.0 = Debug|Any CPU
		{D85F0EC8-A979-4930-9FCB-E03FCACF348A}.Debug|x64.ActiveCfg = Debug|Any CPU
		{D85F0EC8-A979-4930-9FCB-E03FCACF348A}.Debug|x64.Build.0 = Debug|Any CPU
		{D85F0EC8-A979-4930-9FCB-E03FCACF348A}.Debug|x86.ActiveCfg = Debug|Any CPU
		{D85F0EC8-A979-4930-9FCB-E03FCACF348A}.Debug|x86.Build.0 = Debug|Any CPU
		{D85F0EC8-A979-4930-9FCB-E03FCACF348A}.Release|Any CPU.ActiveCfg = Release|Any CPU
		{D85F0EC8-A979-4930-9FCB-E03FCACF348A}.Release|Any CPU.Build.0 = Release|Any CPU
		{D85F0EC8-A979-4930-9FCB-E03FCACF348A}.Release|ARM.ActiveCfg = Release|Any CPU
		{D85F0EC8-A979-4930-9FCB-E03FCACF348A}.Release|ARM.Build.0 = Release|Any CPU
		{D85F0EC8-A979-4930-9FCB-E03FCACF348A}.Release|iPhone.ActiveCfg = Release|Any CPU
		{D85F0EC8-A979-4930-9FCB-E03FCACF348A}.Release|iPhone.Build.0 = Release|Any CPU
		{D85F0EC8-A979-4930-9FCB-E03FCACF348A}.Release|iPhoneSimulator.ActiveCfg = Release|Any CPU
		{D85F0EC8-A979-4930-9FCB-E03FCACF348A}.Release|iPhoneSimulator.Build.0 = Release|Any CPU
		{D85F0EC8-A979-4930-9FCB-E03FCACF348A}.Release|x64.ActiveCfg = Release|Any CPU
		{D85F0EC8-A979-4930-9FCB-E03FCACF348A}.Release|x64.Build.0 = Release|Any CPU
		{D85F0EC8-A979-4930-9FCB-E03FCACF348A}.Release|x86.ActiveCfg = Release|Any CPU
		{D85F0EC8-A979-4930-9FCB-E03FCACF348A}.Release|x86.Build.0 = Release|Any CPU
		{FD07F9A4-373C-4D39-9072-D06B2E2493EA}.Ad-Hoc|Any CPU.ActiveCfg = Release|Any CPU
		{FD07F9A4-373C-4D39-9072-D06B2E2493EA}.Ad-Hoc|Any CPU.Build.0 = Release|Any CPU
		{FD07F9A4-373C-4D39-9072-D06B2E2493EA}.Ad-Hoc|ARM.ActiveCfg = Release|Any CPU
		{FD07F9A4-373C-4D39-9072-D06B2E2493EA}.Ad-Hoc|ARM.Build.0 = Release|Any CPU
		{FD07F9A4-373C-4D39-9072-D06B2E2493EA}.Ad-Hoc|iPhone.ActiveCfg = Release|Any CPU
		{FD07F9A4-373C-4D39-9072-D06B2E2493EA}.Ad-Hoc|iPhone.Build.0 = Release|Any CPU
		{FD07F9A4-373C-4D39-9072-D06B2E2493EA}.Ad-Hoc|iPhoneSimulator.ActiveCfg = Release|Any CPU
		{FD07F9A4-373C-4D39-9072-D06B2E2493EA}.Ad-Hoc|iPhoneSimulator.Build.0 = Release|Any CPU
		{FD07F9A4-373C-4D39-9072-D06B2E2493EA}.Ad-Hoc|x64.ActiveCfg = Release|Any CPU
		{FD07F9A4-373C-4D39-9072-D06B2E2493EA}.Ad-Hoc|x64.Build.0 = Release|Any CPU
		{FD07F9A4-373C-4D39-9072-D06B2E2493EA}.Ad-Hoc|x86.ActiveCfg = Release|Any CPU
		{FD07F9A4-373C-4D39-9072-D06B2E2493EA}.Ad-Hoc|x86.Build.0 = Release|Any CPU
		{FD07F9A4-373C-4D39-9072-D06B2E2493EA}.AppStore|Any CPU.ActiveCfg = Release|Any CPU
		{FD07F9A4-373C-4D39-9072-D06B2E2493EA}.AppStore|Any CPU.Build.0 = Release|Any CPU
		{FD07F9A4-373C-4D39-9072-D06B2E2493EA}.AppStore|ARM.ActiveCfg = Release|Any CPU
		{FD07F9A4-373C-4D39-9072-D06B2E2493EA}.AppStore|ARM.Build.0 = Release|Any CPU
		{FD07F9A4-373C-4D39-9072-D06B2E2493EA}.AppStore|iPhone.ActiveCfg = Release|Any CPU
		{FD07F9A4-373C-4D39-9072-D06B2E2493EA}.AppStore|iPhone.Build.0 = Release|Any CPU
		{FD07F9A4-373C-4D39-9072-D06B2E2493EA}.AppStore|iPhoneSimulator.ActiveCfg = Release|Any CPU
		{FD07F9A4-373C-4D39-9072-D06B2E2493EA}.AppStore|iPhoneSimulator.Build.0 = Release|Any CPU
		{FD07F9A4-373C-4D39-9072-D06B2E2493EA}.AppStore|x64.ActiveCfg = Release|Any CPU
		{FD07F9A4-373C-4D39-9072-D06B2E2493EA}.AppStore|x64.Build.0 = Release|Any CPU
		{FD07F9A4-373C-4D39-9072-D06B2E2493EA}.AppStore|x86.ActiveCfg = Release|Any CPU
		{FD07F9A4-373C-4D39-9072-D06B2E2493EA}.AppStore|x86.Build.0 = Release|Any CPU
		{FD07F9A4-373C-4D39-9072-D06B2E2493EA}.Debug|Any CPU.ActiveCfg = Debug|Any CPU
		{FD07F9A4-373C-4D39-9072-D06B2E2493EA}.Debug|Any CPU.Build.0 = Debug|Any CPU
		{FD07F9A4-373C-4D39-9072-D06B2E2493EA}.Debug|ARM.ActiveCfg = Debug|Any CPU
		{FD07F9A4-373C-4D39-9072-D06B2E2493EA}.Debug|ARM.Build.0 = Debug|Any CPU
		{FD07F9A4-373C-4D39-9072-D06B2E2493EA}.Debug|iPhone.ActiveCfg = Debug|Any CPU
		{FD07F9A4-373C-4D39-9072-D06B2E2493EA}.Debug|iPhone.Build.0 = Debug|Any CPU
		{FD07F9A4-373C-4D39-9072-D06B2E2493EA}.Debug|iPhoneSimulator.ActiveCfg = Debug|Any CPU
		{FD07F9A4-373C-4D39-9072-D06B2E2493EA}.Debug|iPhoneSimulator.Build.0 = Debug|Any CPU
		{FD07F9A4-373C-4D39-9072-D06B2E2493EA}.Debug|x64.ActiveCfg = Debug|Any CPU
		{FD07F9A4-373C-4D39-9072-D06B2E2493EA}.Debug|x64.Build.0 = Debug|Any CPU
		{FD07F9A4-373C-4D39-9072-D06B2E2493EA}.Debug|x86.ActiveCfg = Debug|Any CPU
		{FD07F9A4-373C-4D39-9072-D06B2E2493EA}.Debug|x86.Build.0 = Debug|Any CPU
		{FD07F9A4-373C-4D39-9072-D06B2E2493EA}.Release|Any CPU.ActiveCfg = Release|Any CPU
		{FD07F9A4-373C-4D39-9072-D06B2E2493EA}.Release|Any CPU.Build.0 = Release|Any CPU
		{FD07F9A4-373C-4D39-9072-D06B2E2493EA}.Release|ARM.ActiveCfg = Release|Any CPU
		{FD07F9A4-373C-4D39-9072-D06B2E2493EA}.Release|ARM.Build.0 = Release|Any CPU
		{FD07F9A4-373C-4D39-9072-D06B2E2493EA}.Release|iPhone.ActiveCfg = Release|Any CPU
		{FD07F9A4-373C-4D39-9072-D06B2E2493EA}.Release|iPhone.Build.0 = Release|Any CPU
		{FD07F9A4-373C-4D39-9072-D06B2E2493EA}.Release|iPhoneSimulator.ActiveCfg = Release|Any CPU
		{FD07F9A4-373C-4D39-9072-D06B2E2493EA}.Release|iPhoneSimulator.Build.0 = Release|Any CPU
		{FD07F9A4-373C-4D39-9072-D06B2E2493EA}.Release|x64.ActiveCfg = Release|Any CPU
		{FD07F9A4-373C-4D39-9072-D06B2E2493EA}.Release|x64.Build.0 = Release|Any CPU
		{FD07F9A4-373C-4D39-9072-D06B2E2493EA}.Release|x86.ActiveCfg = Release|Any CPU
		{FD07F9A4-373C-4D39-9072-D06B2E2493EA}.Release|x86.Build.0 = Release|Any CPU
		{233D6BAE-3FA3-4D40-871B-3849EADA0105}.Ad-Hoc|Any CPU.ActiveCfg = Debug|Any CPU
		{233D6BAE-3FA3-4D40-871B-3849EADA0105}.Ad-Hoc|Any CPU.Build.0 = Debug|Any CPU
		{233D6BAE-3FA3-4D40-871B-3849EADA0105}.Ad-Hoc|ARM.ActiveCfg = Debug|Any CPU
		{233D6BAE-3FA3-4D40-871B-3849EADA0105}.Ad-Hoc|ARM.Build.0 = Debug|Any CPU
		{233D6BAE-3FA3-4D40-871B-3849EADA0105}.Ad-Hoc|iPhone.ActiveCfg = Debug|Any CPU
		{233D6BAE-3FA3-4D40-871B-3849EADA0105}.Ad-Hoc|iPhone.Build.0 = Debug|Any CPU
		{233D6BAE-3FA3-4D40-871B-3849EADA0105}.Ad-Hoc|iPhoneSimulator.ActiveCfg = Debug|Any CPU
		{233D6BAE-3FA3-4D40-871B-3849EADA0105}.Ad-Hoc|iPhoneSimulator.Build.0 = Debug|Any CPU
		{233D6BAE-3FA3-4D40-871B-3849EADA0105}.Ad-Hoc|x64.ActiveCfg = Debug|Any CPU
		{233D6BAE-3FA3-4D40-871B-3849EADA0105}.Ad-Hoc|x64.Build.0 = Debug|Any CPU
		{233D6BAE-3FA3-4D40-871B-3849EADA0105}.Ad-Hoc|x86.ActiveCfg = Debug|Any CPU
		{233D6BAE-3FA3-4D40-871B-3849EADA0105}.Ad-Hoc|x86.Build.0 = Debug|Any CPU
		{233D6BAE-3FA3-4D40-871B-3849EADA0105}.AppStore|Any CPU.ActiveCfg = Debug|Any CPU
		{233D6BAE-3FA3-4D40-871B-3849EADA0105}.AppStore|Any CPU.Build.0 = Debug|Any CPU
		{233D6BAE-3FA3-4D40-871B-3849EADA0105}.AppStore|ARM.ActiveCfg = Debug|Any CPU
		{233D6BAE-3FA3-4D40-871B-3849EADA0105}.AppStore|ARM.Build.0 = Debug|Any CPU
		{233D6BAE-3FA3-4D40-871B-3849EADA0105}.AppStore|iPhone.ActiveCfg = Debug|Any CPU
		{233D6BAE-3FA3-4D40-871B-3849EADA0105}.AppStore|iPhone.Build.0 = Debug|Any CPU
		{233D6BAE-3FA3-4D40-871B-3849EADA0105}.AppStore|iPhoneSimulator.ActiveCfg = Debug|Any CPU
		{233D6BAE-3FA3-4D40-871B-3849EADA0105}.AppStore|iPhoneSimulator.Build.0 = Debug|Any CPU
		{233D6BAE-3FA3-4D40-871B-3849EADA0105}.AppStore|x64.ActiveCfg = Debug|Any CPU
		{233D6BAE-3FA3-4D40-871B-3849EADA0105}.AppStore|x64.Build.0 = Debug|Any CPU
		{233D6BAE-3FA3-4D40-871B-3849EADA0105}.AppStore|x86.ActiveCfg = Debug|Any CPU
		{233D6BAE-3FA3-4D40-871B-3849EADA0105}.AppStore|x86.Build.0 = Debug|Any CPU
		{233D6BAE-3FA3-4D40-871B-3849EADA0105}.Debug|Any CPU.ActiveCfg = Debug|Any CPU
		{233D6BAE-3FA3-4D40-871B-3849EADA0105}.Debug|Any CPU.Build.0 = Debug|Any CPU
		{233D6BAE-3FA3-4D40-871B-3849EADA0105}.Debug|ARM.ActiveCfg = Debug|Any CPU
		{233D6BAE-3FA3-4D40-871B-3849EADA0105}.Debug|ARM.Build.0 = Debug|Any CPU
		{233D6BAE-3FA3-4D40-871B-3849EADA0105}.Debug|iPhone.ActiveCfg = Debug|Any CPU
		{233D6BAE-3FA3-4D40-871B-3849EADA0105}.Debug|iPhone.Build.0 = Debug|Any CPU
		{233D6BAE-3FA3-4D40-871B-3849EADA0105}.Debug|iPhoneSimulator.ActiveCfg = Debug|Any CPU
		{233D6BAE-3FA3-4D40-871B-3849EADA0105}.Debug|iPhoneSimulator.Build.0 = Debug|Any CPU
		{233D6BAE-3FA3-4D40-871B-3849EADA0105}.Debug|x64.ActiveCfg = Debug|Any CPU
		{233D6BAE-3FA3-4D40-871B-3849EADA0105}.Debug|x64.Build.0 = Debug|Any CPU
		{233D6BAE-3FA3-4D40-871B-3849EADA0105}.Debug|x86.ActiveCfg = Debug|Any CPU
		{233D6BAE-3FA3-4D40-871B-3849EADA0105}.Debug|x86.Build.0 = Debug|Any CPU
		{233D6BAE-3FA3-4D40-871B-3849EADA0105}.Release|Any CPU.ActiveCfg = Release|Any CPU
		{233D6BAE-3FA3-4D40-871B-3849EADA0105}.Release|Any CPU.Build.0 = Release|Any CPU
		{233D6BAE-3FA3-4D40-871B-3849EADA0105}.Release|ARM.ActiveCfg = Release|Any CPU
		{233D6BAE-3FA3-4D40-871B-3849EADA0105}.Release|ARM.Build.0 = Release|Any CPU
		{233D6BAE-3FA3-4D40-871B-3849EADA0105}.Release|iPhone.ActiveCfg = Release|Any CPU
		{233D6BAE-3FA3-4D40-871B-3849EADA0105}.Release|iPhone.Build.0 = Release|Any CPU
		{233D6BAE-3FA3-4D40-871B-3849EADA0105}.Release|iPhoneSimulator.ActiveCfg = Release|Any CPU
		{233D6BAE-3FA3-4D40-871B-3849EADA0105}.Release|iPhoneSimulator.Build.0 = Release|Any CPU
		{233D6BAE-3FA3-4D40-871B-3849EADA0105}.Release|x64.ActiveCfg = Release|Any CPU
		{233D6BAE-3FA3-4D40-871B-3849EADA0105}.Release|x64.Build.0 = Release|Any CPU
		{233D6BAE-3FA3-4D40-871B-3849EADA0105}.Release|x86.ActiveCfg = Release|Any CPU
		{233D6BAE-3FA3-4D40-871B-3849EADA0105}.Release|x86.Build.0 = Release|Any CPU
		{AE272445-039E-42D3-A934-B915202AADC9}.Ad-Hoc|Any CPU.ActiveCfg = Release|Any CPU
		{AE272445-039E-42D3-A934-B915202AADC9}.Ad-Hoc|Any CPU.Build.0 = Release|Any CPU
		{AE272445-039E-42D3-A934-B915202AADC9}.Ad-Hoc|Any CPU.Deploy.0 = Release|Any CPU
		{AE272445-039E-42D3-A934-B915202AADC9}.Ad-Hoc|ARM.ActiveCfg = Release|Any CPU
		{AE272445-039E-42D3-A934-B915202AADC9}.Ad-Hoc|ARM.Build.0 = Release|Any CPU
		{AE272445-039E-42D3-A934-B915202AADC9}.Ad-Hoc|ARM.Deploy.0 = Release|Any CPU
		{AE272445-039E-42D3-A934-B915202AADC9}.Ad-Hoc|iPhone.ActiveCfg = Release|Any CPU
		{AE272445-039E-42D3-A934-B915202AADC9}.Ad-Hoc|iPhone.Build.0 = Release|Any CPU
		{AE272445-039E-42D3-A934-B915202AADC9}.Ad-Hoc|iPhone.Deploy.0 = Release|Any CPU
		{AE272445-039E-42D3-A934-B915202AADC9}.Ad-Hoc|iPhoneSimulator.ActiveCfg = Release|Any CPU
		{AE272445-039E-42D3-A934-B915202AADC9}.Ad-Hoc|iPhoneSimulator.Build.0 = Release|Any CPU
		{AE272445-039E-42D3-A934-B915202AADC9}.Ad-Hoc|iPhoneSimulator.Deploy.0 = Release|Any CPU
		{AE272445-039E-42D3-A934-B915202AADC9}.Ad-Hoc|x64.ActiveCfg = Release|Any CPU
		{AE272445-039E-42D3-A934-B915202AADC9}.Ad-Hoc|x64.Build.0 = Release|Any CPU
		{AE272445-039E-42D3-A934-B915202AADC9}.Ad-Hoc|x64.Deploy.0 = Release|Any CPU
		{AE272445-039E-42D3-A934-B915202AADC9}.Ad-Hoc|x86.ActiveCfg = Release|Any CPU
		{AE272445-039E-42D3-A934-B915202AADC9}.Ad-Hoc|x86.Build.0 = Release|Any CPU
		{AE272445-039E-42D3-A934-B915202AADC9}.Ad-Hoc|x86.Deploy.0 = Release|Any CPU
		{AE272445-039E-42D3-A934-B915202AADC9}.AppStore|Any CPU.ActiveCfg = Release|Any CPU
		{AE272445-039E-42D3-A934-B915202AADC9}.AppStore|Any CPU.Build.0 = Release|Any CPU
		{AE272445-039E-42D3-A934-B915202AADC9}.AppStore|Any CPU.Deploy.0 = Release|Any CPU
		{AE272445-039E-42D3-A934-B915202AADC9}.AppStore|ARM.ActiveCfg = Release|Any CPU
		{AE272445-039E-42D3-A934-B915202AADC9}.AppStore|ARM.Build.0 = Release|Any CPU
		{AE272445-039E-42D3-A934-B915202AADC9}.AppStore|ARM.Deploy.0 = Release|Any CPU
		{AE272445-039E-42D3-A934-B915202AADC9}.AppStore|iPhone.ActiveCfg = Release|Any CPU
		{AE272445-039E-42D3-A934-B915202AADC9}.AppStore|iPhone.Build.0 = Release|Any CPU
		{AE272445-039E-42D3-A934-B915202AADC9}.AppStore|iPhone.Deploy.0 = Release|Any CPU
		{AE272445-039E-42D3-A934-B915202AADC9}.AppStore|iPhoneSimulator.ActiveCfg = Release|Any CPU
		{AE272445-039E-42D3-A934-B915202AADC9}.AppStore|iPhoneSimulator.Build.0 = Release|Any CPU
		{AE272445-039E-42D3-A934-B915202AADC9}.AppStore|iPhoneSimulator.Deploy.0 = Release|Any CPU
		{AE272445-039E-42D3-A934-B915202AADC9}.AppStore|x64.ActiveCfg = Release|Any CPU
		{AE272445-039E-42D3-A934-B915202AADC9}.AppStore|x64.Build.0 = Release|Any CPU
		{AE272445-039E-42D3-A934-B915202AADC9}.AppStore|x64.Deploy.0 = Release|Any CPU
		{AE272445-039E-42D3-A934-B915202AADC9}.AppStore|x86.ActiveCfg = Release|Any CPU
		{AE272445-039E-42D3-A934-B915202AADC9}.AppStore|x86.Build.0 = Release|Any CPU
		{AE272445-039E-42D3-A934-B915202AADC9}.AppStore|x86.Deploy.0 = Release|Any CPU
		{AE272445-039E-42D3-A934-B915202AADC9}.Debug|Any CPU.ActiveCfg = Debug|Any CPU
		{AE272445-039E-42D3-A934-B915202AADC9}.Debug|Any CPU.Build.0 = Debug|Any CPU
		{AE272445-039E-42D3-A934-B915202AADC9}.Debug|Any CPU.Deploy.0 = Debug|Any CPU
		{AE272445-039E-42D3-A934-B915202AADC9}.Debug|ARM.ActiveCfg = Debug|Any CPU
		{AE272445-039E-42D3-A934-B915202AADC9}.Debug|ARM.Build.0 = Debug|Any CPU
		{AE272445-039E-42D3-A934-B915202AADC9}.Debug|ARM.Deploy.0 = Debug|Any CPU
		{AE272445-039E-42D3-A934-B915202AADC9}.Debug|iPhone.ActiveCfg = Debug|Any CPU
		{AE272445-039E-42D3-A934-B915202AADC9}.Debug|iPhone.Build.0 = Debug|Any CPU
		{AE272445-039E-42D3-A934-B915202AADC9}.Debug|iPhone.Deploy.0 = Debug|Any CPU
		{AE272445-039E-42D3-A934-B915202AADC9}.Debug|iPhoneSimulator.ActiveCfg = Debug|Any CPU
		{AE272445-039E-42D3-A934-B915202AADC9}.Debug|iPhoneSimulator.Build.0 = Debug|Any CPU
		{AE272445-039E-42D3-A934-B915202AADC9}.Debug|iPhoneSimulator.Deploy.0 = Debug|Any CPU
		{AE272445-039E-42D3-A934-B915202AADC9}.Debug|x64.ActiveCfg = Debug|Any CPU
		{AE272445-039E-42D3-A934-B915202AADC9}.Debug|x64.Build.0 = Debug|Any CPU
		{AE272445-039E-42D3-A934-B915202AADC9}.Debug|x64.Deploy.0 = Debug|Any CPU
		{AE272445-039E-42D3-A934-B915202AADC9}.Debug|x86.ActiveCfg = Debug|Any CPU
		{AE272445-039E-42D3-A934-B915202AADC9}.Debug|x86.Build.0 = Debug|Any CPU
		{AE272445-039E-42D3-A934-B915202AADC9}.Debug|x86.Deploy.0 = Debug|Any CPU
		{AE272445-039E-42D3-A934-B915202AADC9}.Release|Any CPU.ActiveCfg = Release|Any CPU
		{AE272445-039E-42D3-A934-B915202AADC9}.Release|Any CPU.Build.0 = Release|Any CPU
		{AE272445-039E-42D3-A934-B915202AADC9}.Release|Any CPU.Deploy.0 = Release|Any CPU
		{AE272445-039E-42D3-A934-B915202AADC9}.Release|ARM.ActiveCfg = Release|Any CPU
		{AE272445-039E-42D3-A934-B915202AADC9}.Release|ARM.Build.0 = Release|Any CPU
		{AE272445-039E-42D3-A934-B915202AADC9}.Release|ARM.Deploy.0 = Release|Any CPU
		{AE272445-039E-42D3-A934-B915202AADC9}.Release|iPhone.ActiveCfg = Release|Any CPU
		{AE272445-039E-42D3-A934-B915202AADC9}.Release|iPhone.Build.0 = Release|Any CPU
		{AE272445-039E-42D3-A934-B915202AADC9}.Release|iPhone.Deploy.0 = Release|Any CPU
		{AE272445-039E-42D3-A934-B915202AADC9}.Release|iPhoneSimulator.ActiveCfg = Release|Any CPU
		{AE272445-039E-42D3-A934-B915202AADC9}.Release|iPhoneSimulator.Build.0 = Release|Any CPU
		{AE272445-039E-42D3-A934-B915202AADC9}.Release|iPhoneSimulator.Deploy.0 = Release|Any CPU
		{AE272445-039E-42D3-A934-B915202AADC9}.Release|x64.ActiveCfg = Release|Any CPU
		{AE272445-039E-42D3-A934-B915202AADC9}.Release|x64.Build.0 = Release|Any CPU
		{AE272445-039E-42D3-A934-B915202AADC9}.Release|x64.Deploy.0 = Release|Any CPU
		{AE272445-039E-42D3-A934-B915202AADC9}.Release|x86.ActiveCfg = Release|Any CPU
		{AE272445-039E-42D3-A934-B915202AADC9}.Release|x86.Build.0 = Release|Any CPU
		{AE272445-039E-42D3-A934-B915202AADC9}.Release|x86.Deploy.0 = Release|Any CPU
		{88774F9C-A76A-4C43-929A-0F50CEE4FF67}.Ad-Hoc|Any CPU.ActiveCfg = Ad-Hoc|iPhone
		{88774F9C-A76A-4C43-929A-0F50CEE4FF67}.Ad-Hoc|ARM.ActiveCfg = Ad-Hoc|iPhone
		{88774F9C-A76A-4C43-929A-0F50CEE4FF67}.Ad-Hoc|iPhone.ActiveCfg = Ad-Hoc|iPhone
		{88774F9C-A76A-4C43-929A-0F50CEE4FF67}.Ad-Hoc|iPhone.Build.0 = Ad-Hoc|iPhone
		{88774F9C-A76A-4C43-929A-0F50CEE4FF67}.Ad-Hoc|iPhoneSimulator.ActiveCfg = Ad-Hoc|iPhoneSimulator
		{88774F9C-A76A-4C43-929A-0F50CEE4FF67}.Ad-Hoc|iPhoneSimulator.Build.0 = Ad-Hoc|iPhoneSimulator
		{88774F9C-A76A-4C43-929A-0F50CEE4FF67}.Ad-Hoc|x64.ActiveCfg = Ad-Hoc|iPhone
		{88774F9C-A76A-4C43-929A-0F50CEE4FF67}.Ad-Hoc|x86.ActiveCfg = Ad-Hoc|iPhone
		{88774F9C-A76A-4C43-929A-0F50CEE4FF67}.AppStore|Any CPU.ActiveCfg = AppStore|iPhone
		{88774F9C-A76A-4C43-929A-0F50CEE4FF67}.AppStore|ARM.ActiveCfg = AppStore|iPhone
		{88774F9C-A76A-4C43-929A-0F50CEE4FF67}.AppStore|iPhone.ActiveCfg = AppStore|iPhone
		{88774F9C-A76A-4C43-929A-0F50CEE4FF67}.AppStore|iPhone.Build.0 = AppStore|iPhone
		{88774F9C-A76A-4C43-929A-0F50CEE4FF67}.AppStore|iPhoneSimulator.ActiveCfg = AppStore|iPhoneSimulator
		{88774F9C-A76A-4C43-929A-0F50CEE4FF67}.AppStore|iPhoneSimulator.Build.0 = AppStore|iPhoneSimulator
		{88774F9C-A76A-4C43-929A-0F50CEE4FF67}.AppStore|x64.ActiveCfg = AppStore|iPhone
		{88774F9C-A76A-4C43-929A-0F50CEE4FF67}.AppStore|x86.ActiveCfg = AppStore|iPhone
		{88774F9C-A76A-4C43-929A-0F50CEE4FF67}.Debug|Any CPU.ActiveCfg = Debug|iPhone
		{88774F9C-A76A-4C43-929A-0F50CEE4FF67}.Debug|ARM.ActiveCfg = Debug|iPhone
		{88774F9C-A76A-4C43-929A-0F50CEE4FF67}.Debug|iPhone.ActiveCfg = Debug|iPhone
		{88774F9C-A76A-4C43-929A-0F50CEE4FF67}.Debug|iPhone.Build.0 = Debug|iPhone
		{88774F9C-A76A-4C43-929A-0F50CEE4FF67}.Debug|iPhoneSimulator.ActiveCfg = Debug|iPhoneSimulator
		{88774F9C-A76A-4C43-929A-0F50CEE4FF67}.Debug|iPhoneSimulator.Build.0 = Debug|iPhoneSimulator
		{88774F9C-A76A-4C43-929A-0F50CEE4FF67}.Debug|x64.ActiveCfg = Debug|iPhone
		{88774F9C-A76A-4C43-929A-0F50CEE4FF67}.Debug|x86.ActiveCfg = Debug|iPhone
		{88774F9C-A76A-4C43-929A-0F50CEE4FF67}.Release|Any CPU.ActiveCfg = Release|iPhone
		{88774F9C-A76A-4C43-929A-0F50CEE4FF67}.Release|ARM.ActiveCfg = Release|iPhone
		{88774F9C-A76A-4C43-929A-0F50CEE4FF67}.Release|iPhone.ActiveCfg = Release|iPhone
		{88774F9C-A76A-4C43-929A-0F50CEE4FF67}.Release|iPhone.Build.0 = Release|iPhone
		{88774F9C-A76A-4C43-929A-0F50CEE4FF67}.Release|iPhoneSimulator.ActiveCfg = Release|iPhoneSimulator
		{88774F9C-A76A-4C43-929A-0F50CEE4FF67}.Release|iPhoneSimulator.Build.0 = Release|iPhoneSimulator
		{88774F9C-A76A-4C43-929A-0F50CEE4FF67}.Release|x64.ActiveCfg = Release|iPhone
		{88774F9C-A76A-4C43-929A-0F50CEE4FF67}.Release|x86.ActiveCfg = Release|iPhone
	EndGlobalSection
	GlobalSection(SolutionProperties) = preSolution
		HideSolutionNode = FALSE
	EndGlobalSection
	GlobalSection(ExtensibilityGlobals) = postSolution
		SolutionGuid = {5AEC180C-F70C-46DC-A60B-775211EC89F3}
	EndGlobalSection
EndGlobal
